{
  "name": "dough-language",
  "version": "0.7.3-alpha-1.BUGFIX",
  "lockfileVersion": 3,
  "requires": true,
  "packages": {
    "": {
      "name": "dough-language",
      "version": "0.7.3-alpha-1.BUGFIX",
      "license": "MIT",
      "engines": {
        "vscode": "^1.109.0"
      }
    }
  }
}
